
Microsoft Visual Studio Solution File, Format Version 12.00
# Visual Studio Version 16
VisualStudioVersion = 16.0.30804.86
MinimumVisualStudioVersion = 10.0.40219.1
Project("{9A19103F-16F7-4668-BE54-9A1E7A4F7556}") = "Almocherifado.core", "Almocherifado.core\Almocherifado.core.csproj", "{23049C17-E68F-4920-9ACD-2B73C4ECCA96}"
EndProject
Project("{2150E333-8FDC-42A3-9474-1A3956D46DE8}") = "3- InfraEstrutura", "3- InfraEstrutura", "{5FA9F605-7F77-460F-9EDF-46514671A95D}"
EndProject
Project("{2150E333-8FDC-42A3-9474-1A3956D46DE8}") = "1 - UI", "1 - UI", "{F1309122-8B34-4E60-93CF-2A0F3085DD73}"
EndProject
Project("{9A19103F-16F7-4668-BE54-9A1E7A4F7556}") = "Almocherifado.UI.Tests", "Almocherifado.ServerHosted.Tests\Almocherifado.UI.Tests.csproj", "{D9153778-1452-4568-8DD0-AF403A809AFA}"
EndProject
Project("{2150E333-8FDC-42A3-9474-1A3956D46DE8}") = "2 - Application", "2 - Application", "{3C642CCB-9285-4E3F-ADF3-BED626B3DD0C}"
EndProject
Project("{9A19103F-16F7-4668-BE54-9A1E7A4F7556}") = "Xceed.Words.NET.Standard", "DocX-master\Xceed.Words.NET.Standard\Xceed.Words.NET.Standard.csproj", "{C734AAFC-07D4-4D09-BE64-A1ABC9343837}"
EndProject
Project("{2150E333-8FDC-42A3-9474-1A3956D46DE8}") = "4 - Domain", "4 - Domain", "{511AFA74-77D9-477E-AF7C-DBD1E17B62BA}"
EndProject
Project("{9A19103F-16F7-4668-BE54-9A1E7A4F7556}") = "Almocherifado.core.Tests", "Almocherifado.core.Tests\Almocherifado.core.Tests.csproj", "{54C65C00-61B5-4D11-B32E-F1017B94AB36}"
EndProject
Project("{9A19103F-16F7-4668-BE54-9A1E7A4F7556}") = "Almocherifado.UI", "Almocherifado.UI\Almocherifado.UI.csproj", "{892437ED-53B6-40B6-98F7-9C67078B66A5}"
EndProject
Project("{9A19103F-16F7-4668-BE54-9A1E7A4F7556}") = "Almocherifado.UI.Components", "Almocherifado.UI.Components\Almocherifado.UI.Components.csproj", "{2B1B6B5A-7E2F-4F27-A38D-460567B385DF}"
EndProject
Project("{6EC3EE1D-3C4E-46DD-8F32-0CC8E7565705}") = "AlmocharifadoDomain", "AlmocharifadoDomain\AlmocharifadoDomain.fsproj", "{0C29ECD9-837F-4ECE-AC91-32814BB14F9E}"
EndProject
Project("{6EC3EE1D-3C4E-46DD-8F32-0CC8E7565705}") = "AlmocharifadoDomainTests", "AlmocharifadoDomainTests\AlmocharifadoDomainTests.fsproj", "{93D73537-CA2A-4715-9219-26ADF0520BF4}"
EndProject
Project("{9A19103F-16F7-4668-BE54-9A1E7A4F7556}") = "InfraEstrutura", "InfraEstrutura\InfraEstrutura.csproj", "{95A70015-12F9-4137-BB3F-A58C2BF17757}"
EndProject
Project("{2150E333-8FDC-42A3-9474-1A3956D46DE8}") = "NovaImplementacao", "NovaImplementacao", "{360DE7F8-7D6E-448E-8566-AC1E84C6B44A}"
EndProject
Project("{9A19103F-16F7-4668-BE54-9A1E7A4F7556}") = "Almocherifado.Application", "Almocherifado.Application\Almocherifado.Application.csproj", "{B8758972-72C6-4D7D-85F9-3D40C1F8428F}"
EndProject
Global
	GlobalSection(SolutionConfigurationPlatforms) = preSolution
		Debug|Any CPU = Debug|Any CPU
		Release|Any CPU = Release|Any CPU
	EndGlobalSection
	GlobalSection(ProjectConfigurationPlatforms) = postSolution
		{23049C17-E68F-4920-9ACD-2B73C4ECCA96}.Debug|Any CPU.ActiveCfg = Debug|Any CPU
		{23049C17-E68F-4920-9ACD-2B73C4ECCA96}.Debug|Any CPU.Build.0 = Debug|Any CPU
		{23049C17-E68F-4920-9ACD-2B73C4ECCA96}.Release|Any CPU.ActiveCfg = Release|Any CPU
		{23049C17-E68F-4920-9ACD-2B73C4ECCA96}.Release|Any CPU.Build.0 = Release|Any CPU
		{D9153778-1452-4568-8DD0-AF403A809AFA}.Debug|Any CPU.ActiveCfg = Debug|Any CPU
		{D9153778-1452-4568-8DD0-AF403A809AFA}.Debug|Any CPU.Build.0 = Debug|Any CPU
		{D9153778-1452-4568-8DD0-AF403A809AFA}.Release|Any CPU.ActiveCfg = Release|Any CPU
		{D9153778-1452-4568-8DD0-AF403A809AFA}.Release|Any CPU.Build.0 = Release|Any CPU
		{C734AAFC-07D4-4D09-BE64-A1ABC9343837}.Debug|Any CPU.ActiveCfg = Debug|Any CPU
		{C734AAFC-07D4-4D09-BE64-A1ABC9343837}.Debug|Any CPU.Build.0 = Debug|Any CPU
		{C734AAFC-07D4-4D09-BE64-A1ABC9343837}.Release|Any CPU.ActiveCfg = Release|Any CPU
		{C734AAFC-07D4-4D09-BE64-A1ABC9343837}.Release|Any CPU.Build.0 = Release|Any CPU
		{54C65C00-61B5-4D11-B32E-F1017B94AB36}.Debug|Any CPU.ActiveCfg = Debug|Any CPU
		{54C65C00-61B5-4D11-B32E-F1017B94AB36}.Debug|Any CPU.Build.0 = Debug|Any CPU
		{54C65C00-61B5-4D11-B32E-F1017B94AB36}.Release|Any CPU.ActiveCfg = Release|Any CPU
		{54C65C00-61B5-4D11-B32E-F1017B94AB36}.Release|Any CPU.Build.0 = Release|Any CPU
		{892437ED-53B6-40B6-98F7-9C67078B66A5}.Debug|Any CPU.ActiveCfg = Debug|Any CPU
		{892437ED-53B6-40B6-98F7-9C67078B66A5}.Debug|Any CPU.Build.0 = Debug|Any CPU
		{892437ED-53B6-40B6-98F7-9C67078B66A5}.Release|Any CPU.ActiveCfg = Release|Any CPU
		{892437ED-53B6-40B6-98F7-9C67078B66A5}.Release|Any CPU.Build.0 = Release|Any CPU
		{2B1B6B5A-7E2F-4F27-A38D-460567B385DF}.Debug|Any CPU.ActiveCfg = Debug|Any CPU
		{2B1B6B5A-7E2F-4F27-A38D-460567B385DF}.Debug|Any CPU.Build.0 = Debug|Any CPU
		{2B1B6B5A-7E2F-4F27-A38D-460567B385DF}.Release|Any CPU.ActiveCfg = Release|Any CPU
		{2B1B6B5A-7E2F-4F27-A38D-460567B385DF}.Release|Any CPU.Build.0 = Release|Any CPU
		{0C29ECD9-837F-4ECE-AC91-32814BB14F9E}.Debug|Any CPU.ActiveCfg = Debug|Any CPU
		{0C29ECD9-837F-4ECE-AC91-32814BB14F9E}.Debug|Any CPU.Build.0 = Debug|Any CPU
		{0C29ECD9-837F-4ECE-AC91-32814BB14F9E}.Release|Any CPU.ActiveCfg = Release|Any CPU
		{0C29ECD9-837F-4ECE-AC91-32814BB14F9E}.Release|Any CPU.Build.0 = Release|Any CPU
		{93D73537-CA2A-4715-9219-26ADF0520BF4}.Debug|Any CPU.ActiveCfg = Debug|Any CPU
		{93D73537-CA2A-4715-9219-26ADF0520BF4}.Debug|Any CPU.Build.0 = Debug|Any CPU
		{93D73537-CA2A-4715-9219-26ADF0520BF4}.Release|Any CPU.ActiveCfg = Release|Any CPU
		{93D73537-CA2A-4715-9219-26ADF0520BF4}.Release|Any CPU.Build.0 = Release|Any CPU
		{95A70015-12F9-4137-BB3F-A58C2BF17757}.Debug|Any CPU.ActiveCfg = Debug|Any CPU
		{95A70015-12F9-4137-BB3F-A58C2BF17757}.Debug|Any CPU.Build.0 = Debug|Any CPU
		{95A70015-12F9-4137-BB3F-A58C2BF17757}.Release|Any CPU.ActiveCfg = Release|Any CPU
		{95A70015-12F9-4137-BB3F-A58C2BF17757}.Release|Any CPU.Build.0 = Release|Any CPU
		{B8758972-72C6-4D7D-85F9-3D40C1F8428F}.Debug|Any CPU.ActiveCfg = Debug|Any CPU
		{B8758972-72C6-4D7D-85F9-3D40C1F8428F}.Debug|Any CPU.Build.0 = Debug|Any CPU
		{B8758972-72C6-4D7D-85F9-3D40C1F8428F}.Release|Any CPU.ActiveCfg = Release|Any CPU
		{B8758972-72C6-4D7D-85F9-3D40C1F8428F}.Release|Any CPU.Build.0 = Release|Any CPU
	EndGlobalSection
	GlobalSection(SolutionProperties) = preSolution
		HideSolutionNode = FALSE
	EndGlobalSection
	GlobalSection(NestedProjects) = preSolution
		{23049C17-E68F-4920-9ACD-2B73C4ECCA96} = {511AFA74-77D9-477E-AF7C-DBD1E17B62BA}
		{D9153778-1452-4568-8DD0-AF403A809AFA} = {F1309122-8B34-4E60-93CF-2A0F3085DD73}
		{511AFA74-77D9-477E-AF7C-DBD1E17B62BA} = {5FA9F605-7F77-460F-9EDF-46514671A95D}
		{54C65C00-61B5-4D11-B32E-F1017B94AB36} = {511AFA74-77D9-477E-AF7C-DBD1E17B62BA}
		{892437ED-53B6-40B6-98F7-9C67078B66A5} = {F1309122-8B34-4E60-93CF-2A0F3085DD73}
		{2B1B6B5A-7E2F-4F27-A38D-460567B385DF} = {F1309122-8B34-4E60-93CF-2A0F3085DD73}
		{0C29ECD9-837F-4ECE-AC91-32814BB14F9E} = {360DE7F8-7D6E-448E-8566-AC1E84C6B44A}
		{93D73537-CA2A-4715-9219-26ADF0520BF4} = {360DE7F8-7D6E-448E-8566-AC1E84C6B44A}
		{95A70015-12F9-4137-BB3F-A58C2BF17757} = {360DE7F8-7D6E-448E-8566-AC1E84C6B44A}
		{360DE7F8-7D6E-448E-8566-AC1E84C6B44A} = {511AFA74-77D9-477E-AF7C-DBD1E17B62BA}
		{B8758972-72C6-4D7D-85F9-3D40C1F8428F} = {3C642CCB-9285-4E3F-ADF3-BED626B3DD0C}
	EndGlobalSection
	GlobalSection(ExtensibilityGlobals) = postSolution
		SolutionGuid = {AE9DE8E1-8D8A-4FD8-B401-84631A52ED6C}
	EndGlobalSection
EndGlobal
